// !$*UTF8*$!
{
	archiveVersion = 1;
	classes = {
	};
	objectVersion = 77;
	objects = {

/* Begin PBXContainerItemProxy section */
		00E82D252E1A5FD90013C69F /* PBXContainerItemProxy */ = {
			isa = PBXContainerItemProxy;
			containerPortal = 00E82D0C2E1A5FD80013C69F /* Project object */;
			proxyType = 1;
			remoteGlobalIDString = 00E82D132E1A5FD80013C69F;
			remoteInfo = "LeBot James";
		};
		00E82D2F2E1A5FD90013C69F /* PBXContainerItemProxy */ = {
			isa = PBXContainerItemProxy;
			containerPortal = 00E82D0C2E1A5FD80013C69F /* Project object */;
			proxyType = 1;
			remoteGlobalIDString = 00E82D132E1A5FD80013C69F;
			remoteInfo = "LeBot James";
		};
/* End PBXContainerItemProxy section */

/* Begin PBXFileReference section */
		00E82D142E1A5FD80013C69F /* LeBot James.app */ = {isa = PBXFileReference; explicitFileType = wrapper.application; includeInIndex = 0; path = "LeBot James.app"; sourceTree = BUILT_PRODUCTS_DIR; };
		00E82D242E1A5FD90013C69F /* LeBot JamesTests.xctest */ = {isa = PBXFileReference; explicitFileType = wrapper.cfbundle; includeInIndex = 0; path = "LeBot JamesTests.xctest"; sourceTree = BUILT_PRODUCTS_DIR; };
		00E82D2E2E1A5FD90013C69F /* LeBot JamesUITests.xctest */ = {isa = PBXFileReference; explicitFileType = wrapper.cfbundle; includeInIndex = 0; path = "LeBot JamesUITests.xctest"; sourceTree = BUILT_PRODUCTS_DIR; };
/* End PBXFileReference section */

/* Begin PBXFileSystemSynchronizedBuildFileExceptionSet section */
		00E82D792E1A68860013C69F /* Exceptions for "LeBot James" folder in "LeBot James" target */ = {
			isa = PBXFileSystemSynchronizedBuildFileExceptionSet;
			membershipExceptions = (
				Info.plist,
			);
			target = 00E82D132E1A5FD80013C69F /* LeBot James */;
		};
/* End PBXFileSystemSynchronizedBuildFileExceptionSet section */

/* Begin PBXFileSystemSynchronizedRootGroup section */
		00E82D162E1A5FD80013C69F /* LeBot James */ = {
			isa = PBXFileSystemSynchronizedRootGroup;
			exceptions = (
				00E82D792E1A68860013C69F /* Exceptions for "LeBot James" folder in "LeBot James" target */,
			);
			path = "LeBot James";
			sourceTree = "<group>";
		};
		00E82D272E1A5FD90013C69F /* LeBot JamesTests */ = {
			isa = PBXFileSystemSynchronizedRootGroup;
			path = "LeBot JamesTests";
			sourceTree = "<group>";
		};
		00E82D312E1A5FD90013C69F /* LeBot JamesUITests */ = {
			isa = PBXFileSystemSynchronizedRootGroup;
			path = "LeBot JamesUITests";
			sourceTree = "<group>";
		};
/* End PBXFileSystemSynchronizedRootGroup section */

/* Begin PBXFrameworksBuildPhase section */
		00E82D112E1A5FD80013C69F /* Frameworks */ = {
			isa = PBXFrameworksBuildPhase;
			buildActionMask = 2147483647;
			files = (
			);
			runOnlyForDeploymentPostprocessing = 0;
		};
		00E82D212E1A5FD90013C69F /* Frameworks */ = {
			isa = PBXFrameworksBuildPhase;
			buildActionMask = 2147483647;
			files = (
			);
			runOnlyForDeploymentPostprocessing = 0;
		};
		00E82D2B2E1A5FD90013C69F /* Frameworks */ = {
			isa = PBXFrameworksBuildPhase;
			buildActionMask = 2147483647;
			files = (
			);
			runOnlyForDeploymentPostprocessing = 0;
		};
/* End PBXFrameworksBuildPhase section */

/* Begin PBXGroup section */
		00E82D0B2E1A5FD80013C69F = {
			isa = PBXGroup;
			children = (
				00E82D162E1A5FD80013C69F /* LeBot James */,
				00E82D272E1A5FD90013C69F /* LeBot JamesTests */,
				00E82D312E1A5FD90013C69F /* LeBot JamesUITests */,
				00E82D152E1A5FD80013C69F /* Products */,
			);
			sourceTree = "<group>";
		};
		00E82D152E1A5FD80013C69F /* Products */ = {
			isa = PBXGroup;
			children = (
				00E82D142E1A5FD80013C69F /* LeBot James.app */,
				00E82D242E1A5FD90013C69F /* LeBot JamesTests.xctest */,
				00E82D2E2E1A5FD90013C69F /* LeBot JamesUITests.xctest */,
			);
			name = Products;
			sourceTree = "<group>";
		};
/* End PBXGroup section */

/* Begin PBXNativeTarget section */
		00E82D132E1A5FD80013C69F /* LeBot James */ = {
			isa = PBXNativeTarget;
			buildConfigurationList = 00E82D382E1A5FD90013C69F /* Build configuration list for PBXNativeTarget "LeBot James" */;
			buildPhases = (
				00E82D102E1A5FD80013C69F /* Sources */,
				00E82D112E1A5FD80013C69F /* Frameworks */,
				00E82D122E1A5FD80013C69F /* Resources */,
				00E82D782E1A66480013C69F /* ShellScript */,
			);
			buildRules = (
			);
			dependencies = (
			);
			fileSystemSynchronizedGroups = (
				00E82D162E1A5FD80013C69F /* LeBot James */,
			);
			name = "LeBot James";
			packageProductDependencies = (
			);
			productName = "LeBot James";
			productReference = 00E82D142E1A5FD80013C69F /* LeBot James.app */;
			productType = "com.apple.product-type.application";
		};
		00E82D232E1A5FD90013C69F /* LeBot JamesTests */ = {
			isa = PBXNativeTarget;
			buildConfigurationList = 00E82D3B2E1A5FD90013C69F /* Build configuration list for PBXNativeTarget "LeBot JamesTests" */;
			buildPhases = (
				00E82D202E1A5FD90013C69F /* Sources */,
				00E82D212E1A5FD90013C69F /* Frameworks */,
				00E82D222E1A5FD90013C69F /* Resources */,
			);
			buildRules = (
			);
			dependencies = (
				00E82D262E1A5FD90013C69F /* PBXTargetDependency */,
			);
			fileSystemSynchronizedGroups = (
				00E82D272E1A5FD90013C69F /* LeBot JamesTests */,
			);
			name = "LeBot JamesTests";
			packageProductDependencies = (
			);
			productName = "LeBot JamesTests";
			productReference = 00E82D242E1A5FD90013C69F /* LeBot JamesTests.xctest */;
			productType = "com.apple.product-type.bundle.unit-test";
		};
		00E82D2D2E1A5FD90013C69F /* LeBot JamesUITests */ = {
			isa = PBXNativeTarget;
			buildConfigurationList = 00E82D3E2E1A5FD90013C69F /* Build configuration list for PBXNativeTarget "LeBot JamesUITests" */;
			buildPhases = (
				00E82D2A2E1A5FD90013C69F /* Sources */,
				00E82D2B2E1A5FD90013C69F /* Frameworks */,
				00E82D2C2E1A5FD90013C69F /* Resources */,
			);
			buildRules = (
			);
			dependencies = (
				00E82D302E1A5FD90013C69F /* PBXTargetDependency */,
			);
			fileSystemSynchronizedGroups = (
				00E82D312E1A5FD90013C69F /* LeBot JamesUITests */,
			);
			name = "LeBot JamesUITests";
			packageProductDependencies = (
			);
			productName = "LeBot JamesUITests";
			productReference = 00E82D2E2E1A5FD90013C69F /* LeBot JamesUITests.xctest */;
			productType = "com.apple.product-type.bundle.ui-testing";
		};
/* End PBXNativeTarget section */

/* Begin PBXProject section */
		00E82D0C2E1A5FD80013C69F /* Project object */ = {
			isa = PBXProject;
			attributes = {
				BuildIndependentTargetsInParallel = 1;
				LastSwiftUpdateCheck = 1620;
				LastUpgradeCheck = 1620;
				TargetAttributes = {
					00E82D132E1A5FD80013C69F = {
						CreatedOnToolsVersion = 16.2;
					};
					00E82D232E1A5FD90013C69F = {
						CreatedOnToolsVersion = 16.2;
						TestTargetID = 00E82D132E1A5FD80013C69F;
					};
					00E82D2D2E1A5FD90013C69F = {
						CreatedOnToolsVersion = 16.2;
						TestTargetID = 00E82D132E1A5FD80013C69F;
					};
				};
			};
			buildConfigurationList = 00E82D0F2E1A5FD80013C69F /* Build configuration list for PBXProject "LeBot James" */;
			developmentRegion = en;
			hasScannedForEncodings = 0;
			knownRegions = (
				en,
				Base,
			);
			mainGroup = 00E82D0B2E1A5FD80013C69F;
			minimizedProjectReferenceProxies = 1;
			preferredProjectObjectVersion = 77;
			productRefGroup = 00E82D152E1A5FD80013C69F /* Products */;
			projectDirPath = "";
			projectRoot = "";
			targets = (
				00E82D132E1A5FD80013C69F /* LeBot James */,
				00E82D232E1A5FD90013C69F /* LeBot JamesTests */,
				00E82D2D2E1A5FD90013C69F /* LeBot JamesUITests */,
			);
		};
/* End PBXProject section */

/* Begin PBXResourcesBuildPhase section */
		00E82D122E1A5FD80013C69F /* Resources */ = {
			isa = PBXResourcesBuildPhase;
			buildActionMask = 2147483647;
			files = (
			);
			runOnlyForDeploymentPostprocessing = 0;
		};
		00E82D222E1A5FD90013C69F /* Resources */ = {
			isa = PBXResourcesBuildPhase;
			buildActionMask = 2147483647;
			files = (
			);
			runOnlyForDeploymentPostprocessing = 0;
		};
		00E82D2C2E1A5FD90013C69F /* Resources */ = {
			isa = PBXResourcesBuildPhase;
			buildActionMask = 2147483647;
			files = (
			);
			runOnlyForDeploymentPostprocessing = 0;
		};
/* End PBXResourcesBuildPhase section */

/* Begin PBXShellScriptBuildPhase section */
		00E82D782E1A66480013C69F /* ShellScript */ = {
			isa = PBXShellScriptBuildPhase;
			alwaysOutOfDate = 1;
			buildActionMask = 2147483647;
			files = (
			);
			inputFileListPaths = (
			);
			inputPaths = (
				"$(SRCROOT)/.env",
			);
			outputFileListPaths = (
			);
			outputPaths = (
			);
			runOnlyForDeploymentPostprocessing = 0;
			shellPath = /bin/sh;
			shellScript = "
";
			showEnvVarsInLog = 0;
		};
/* End PBXShellScriptBuildPhase section */

/* Begin PBXSourcesBuildPhase section */
		00E82D102E1A5FD80013C69F /* Sources */ = {
			isa = PBXSourcesBuildPhase;
			buildActionMask = 2147483647;
			files = (
			);
			runOnlyForDeploymentPostprocessing = 0;
		};
		00E82D202E1A5FD90013C69F /* Sources */ = {
			isa = PBXSourcesBuildPhase;
			buildActionMask = 2147483647;
			files = (
			);
			runOnlyForDeploymentPostprocessing = 0;
		};
		00E82D2A2E1A5FD90013C69F /* Sources */ = {
			isa = PBXSourcesBuildPhase;
			buildActionMask = 2147483647;
			files = (
			);
			runOnlyForDeploymentPostprocessing = 0;
		};
/* End PBXSourcesBuildPhase section */

/* Begin PBXTargetDependency section */
		00E82D262E1A5FD90013C69F /* PBXTargetDependency */ = {
			isa = PBXTargetDependency;
			target = 00E82D132E1A5FD80013C69F /* LeBot James */;
			targetProxy = 00E82D252E1A5FD90013C69F /* PBXContainerItemProxy */;
		};
		00E82D302E1A5FD90013C69F /* PBXTargetDependency */ = {
			isa = PBXTargetDependency;
			target = 00E82D132E1A5FD80013C69F /* LeBot James */;
			targetProxy = 00E82D2F2E1A5FD90013C69F /* PBXContainerItemProxy */;
		};
/* End PBXTargetDependency section */

/* Begin XCBuildConfiguration section */
		00E82D362E1A5FD90013C69F /* Debug */ = {
			isa = XCBuildConfiguration;
			buildSettings = {
				ALWAYS_SEARCH_USER_PATHS = NO;
				ASSETCATALOG_COMPILER_GENERATE_SWIFT_ASSET_SYMBOL_EXTENSIONS = YES;
				CLANG_ANALYZER_NONNULL = YES;
				CLANG_ANALYZER_NUMBER_OBJECT_CONVERSION = YES_AGGRESSIVE;
				CLANG_CXX_LANGUAGE_STANDARD = "gnu++20";
				CLANG_ENABLE_MODULES = YES;
				CLANG_ENABLE_OBJC_ARC = YES;
				CLANG_ENABLE_OBJC_WEAK = YES;
				CLANG_WARN_BLOCK_CAPTURE_AUTORELEASING = YES;
				CLANG_WARN_BOOL_CONVERSION = YES;
				CLANG_WARN_COMMA = YES;
				CLANG_WARN_CONSTANT_CONVERSION = YES;
				CLANG_WARN_DEPRECATED_OBJC_IMPLEMENTATIONS = YES;
				CLANG_WARN_DIRECT_OBJC_ISA_USAGE = YES_ERROR;
				CLANG_WARN_DOCUMENTATION_COMMENTS = YES;
				CLANG_WARN_EMPTY_BODY = YES;
				CLANG_WARN_ENUM_CONVERSION = YES;
				CLANG_WARN_INFINITE_RECURSION = YES;
				CLANG_WARN_INT_CONVERSION = YES;
				CLANG_WARN_NON_LITERAL_NULL_CONVERSION = YES;
				CLANG_WARN_OBJC_IMPLICIT_RETAIN_SELF = YES;
				CLANG_WARN_OBJC_LITERAL_CONVERSION = YES;
				CLANG_WARN_OBJC_ROOT_CLASS = YES_ERROR;
				CLANG_WARN_QUOTED_INCLUDE_IN_FRAMEWORK_HEADER = YES;
				CLANG_WARN_RANGE_LOOP_ANALYSIS = YES;
				CLANG_WARN_STRICT_PROTOTYPES = YES;
				CLANG_WARN_SUSPICIOUS_MOVE = YES;
				CLANG_WARN_UNGUARDED_AVAILABILITY = YES_AGGRESSIVE;
				CLANG_WARN_UNREACHABLE_CODE = YES;
				CLANG_WARN__DUPLICATE_METHOD_MATCH = YES;
				COPY_PHASE_STRIP = NO;
				DEBUG_INFORMATION_FORMAT = dwarf;
				ENABLE_STRICT_OBJC_MSGSEND = YES;
				ENABLE_TESTABILITY = YES;
				ENABLE_USER_SCRIPT_SANDBOXING = YES;
				GCC_C_LANGUAGE_STANDARD = gnu17;
				GCC_DYNAMIC_NO_PIC = NO;
				GCC_NO_COMMON_BLOCKS = YES;
				GCC_OPTIMIZATION_LEVEL = 0;
				GCC_PREPROCESSOR_DEFINITIONS = (
					"DEBUG=1",
					"$(inherited)",
				);
				GCC_WARN_64_TO_32_BIT_CONVERSION = YES;
				GCC_WARN_ABOUT_RETURN_TYPE = YES_ERROR;
				GCC_WARN_UNDECLARED_SELECTOR = YES;
				GCC_WARN_UNINITIALIZED_AUTOS = YES_AGGRESSIVE;
				GCC_WARN_UNUSED_FUNCTION = YES;
				GCC_WARN_UNUSED_VARIABLE = YES;
				IPHONEOS_DEPLOYMENT_TARGET = 18.2;
				LOCALIZATION_PREFERS_STRING_CATALOGS = YES;
				MTL_ENABLE_DEBUG_INFO = INCLUDE_SOURCE;
				MTL_FAST_MATH = YES;
				ONLY_ACTIVE_ARCH = YES;
				SDKROOT = iphoneos;
				SWIFT_ACTIVE_COMPILATION_CONDITIONS = "DEBUG $(inherited)";
				SWIFT_OPTIMIZATION_LEVEL = "-Onone";
			};
			name = Debug;
		};
		00E82D372E1A5FD90013C69F /* Release */ = {
			isa = XCBuildConfiguration;
			buildSettings = {
				ALWAYS_SEARCH_USER_PATHS = NO;
				ASSETCATALOG_COMPILER_GENERATE_SWIFT_ASSET_SYMBOL_EXTENSIONS = YES;
				CLANG_ANALYZER_NONNULL = YES;
				CLANG_ANALYZER_NUMBER_OBJECT_CONVERSION = YES_AGGRESSIVE;
				CLANG_CXX_LANGUAGE_STANDARD = "gnu++20";
				CLANG_ENABLE_MODULES = YES;
				CLANG_ENABLE_OBJC_ARC = YES;
				CLANG_ENABLE_OBJC_WEAK = YES;
				CLANG_WARN_BLOCK_CAPTURE_AUTORELEASING = YES;
				CLANG_WARN_BOOL_CONVERSION = YES;
				CLANG_WARN_COMMA = YES;
				CLANG_WARN_CONSTANT_CONVERSION = YES;
				CLANG_WARN_DEPRECATED_OBJC_IMPLEMENTATIONS = YES;
				CLANG_WARN_DIRECT_OBJC_ISA_USAGE = YES_ERROR;
				CLANG_WARN_DOCUMENTATION_COMMENTS = YES;
				CLANG_WARN_EMPTY_BODY = YES;
				CLANG_WARN_ENUM_CONVERSION = YES;
				CLANG_WARN_INFINITE_RECURSION = YES;
				CLANG_WARN_INT_CONVERSION = YES;
				CLANG_WARN_NON_LITERAL_NULL_CONVERSION = YES;
				CLANG_WARN_OBJC_IMPLICIT_RETAIN_SELF = YES;
				CLANG_WARN_OBJC_LITERAL_CONVERSION = YES;
				CLANG_WARN_OBJC_ROOT_CLASS = YES_ERROR;
				CLANG_WARN_QUOTED_INCLUDE_IN_FRAMEWORK_HEADER = YES;
				CLANG_WARN_RANGE_LOOP_ANALYSIS = YES;
				CLANG_WARN_STRICT_PROTOTYPES = YES;
				CLANG_WARN_SUSPICIOUS_MOVE = YES;
				CLANG_WARN_UNGUARDED_AVAILABILITY = YES_AGGRESSIVE;
				CLANG_WARN_UNREACHABLE_CODE = YES;
				CLANG_WARN__DUPLICATE_METHOD_MATCH = YES;
				COPY_PHASE_STRIP = NO;
				DEBUG_INFORMATION_FORMAT = "dwarf-with-dsym";
				ENABLE_NS_ASSERTIONS = NO;
				ENABLE_STRICT_OBJC_MSGSEND = YES;
				ENABLE_USER_SCRIPT_SANDBOXING = YES;
				GCC_C_LANGUAGE_STANDARD = gnu17;
				GCC_NO_COMMON_BLOCKS = YES;
				GCC_WARN_64_TO_32_BIT_CONVERSION = YES;
				GCC_WARN_ABOUT_RETURN_TYPE = YES_ERROR;
				GCC_WARN_UNDECLARED_SELECTOR = YES;
				GCC_WARN_UNINITIALIZED_AUTOS = YES_AGGRESSIVE;
				GCC_WARN_UNUSED_FUNCTION = YES;
				GCC_WARN_UNUSED_VARIABLE = YES;
				IPHONEOS_DEPLOYMENT_TARGET = 18.2;
				LOCALIZATION_PREFERS_STRING_CATALOGS = YES;
				MTL_ENABLE_DEBUG_INFO = NO;
				MTL_FAST_MATH = YES;
				SDKROOT = iphoneos;
				SWIFT_COMPILATION_MODE = wholemodule;
				VALIDATE_PRODUCT = YES;
			};
			name = Release;
		};
		00E82D392E1A5FD90013C69F /* Debug */ = {
			isa = XCBuildConfiguration;
			buildSettings = {
				ASSETCATALOG_COMPILER_APPICON_NAME = AppIcon;
				ASSETCATALOG_COMPILER_GLOBAL_ACCENT_COLOR_NAME = AccentColor;
				CODE_SIGN_STYLE = Automatic;
				CURRENT_PROJECT_VERSION = 1;
				DEVELOPMENT_ASSET_PATHS = "\"LeBot James/Preview Content\"";
				DEVELOPMENT_TEAM = V43797R8Q6;
				ENABLE_PREVIEWS = YES;
				GENERATE_INFOPLIST_FILE = YES;
				INFOPLIST_KEY_NSCameraUsageDescription = "Let's see that shot! I need the camera to count your swishes and analyze your misses.";
				INFOPLIST_KEY_NSMicrophoneUsageDescription = "Let me use the mic to cheer you on (and correct your form).";
				INFOPLIST_KEY_UIApplicationSceneManifest_Generation = YES;
				INFOPLIST_KEY_UIApplicationSupportsIndirectInputEvents = YES;
				INFOPLIST_KEY_UILaunchScreen_Generation = YES;
				INFOPLIST_KEY_UISupportedInterfaceOrientations_iPad = "UIInterfaceOrientationPortrait UIInterfaceOrientationPortraitUpsideDown UIInterfaceOrientationLandscapeLeft UIInterfaceOrientationLandscapeRight";
				INFOPLIST_KEY_UISupportedInterfaceOrientations_iPhone = "UIInterfaceOrientationPortrait UIInterfaceOrientationLandscapeLeft UIInterfaceOrientationLandscapeRight";
				LD_RUNPATH_SEARCH_PATHS = (
					"$(inherited)",
					"@executable_path/Frameworks",
				);
				MARKETING_VERSION = 1.0;
				PRODUCT_BUNDLE_IDENTIFIER = "None.LeBot-James";
				PRODUCT_NAME = "$(TARGET_NAME)";
				SWIFT_EMIT_LOC_STRINGS = YES;
				SWIFT_VERSION = 5.0;
				TARGETED_DEVICE_FAMILY = "1,2";
			};
			name = Debug;
		};
		00E82D3A2E1A5FD90013C69F /* Release */ = {
			isa = XCBuildConfiguration;
			buildSettings = {
				ASSETCATALOG_COMPILER_APPICON_NAME = AppIcon;
				ASSETCATALOG_COMPILER_GLOBAL_ACCENT_COLOR_NAME = AccentColor;
				CODE_SIGN_STYLE = Automatic;
				CURRENT_PROJECT_VERSION = 1;
				DEVELOPMENT_ASSET_PATHS = "\"LeBot James/Preview Content\"";
				ENABLE_PREVIEWS = YES;
				GENERATE_INFOPLIST_FILE = YES;
				INFOPLIST_KEY_NSCameraUsageDescription = "Let's see that shot! I need the camera to count your swishes and analyze your misses.";
				INFOPLIST_KEY_NSMicrophoneUsageDescription = "Let me use the mic to cheer you on (and correct your form).";
				INFOPLIST_KEY_UIApplicationSceneManifest_Generation = YES;
				INFOPLIST_KEY_UIApplicationSupportsIndirectInputEvents = YES;
				INFOPLIST_KEY_UILaunchScreen_Generation = YES;
				INFOPLIST_KEY_UISupportedInterfaceOrientations_iPad = "UIInterfaceOrientationPortrait UIInterfaceOrientationPortraitUpsideDown UIInterfaceOrientationLandscapeLeft UIInterfaceOrientationLandscapeRight";
				INFOPLIST_KEY_UISupportedInterfaceOrientations_iPhone = "UIInterfaceOrientationPortrait UIInterfaceOrientationLandscapeLeft UIInterfaceOrientationLandscapeRight";
				LD_RUNPATH_SEARCH_PATHS = (
					"$(inherited)",
					"@executable_path/Frameworks",
				);
				MARKETING_VERSION = 1.0;
				PRODUCT_BUNDLE_IDENTIFIER = "None.LeBot-James";
				PRODUCT_NAME = "$(TARGET_NAME)";
				SWIFT_EMIT_LOC_STRINGS = YES;
				SWIFT_VERSION = 5.0;
				TARGETED_DEVICE_FAMILY = "1,2";
			};
			name = Release;
		};
		00E82D3C2E1A5FD90013C69F /* Debug */ = {
			isa = XCBuildConfiguration;
			buildSettings = {
				BUNDLE_LOADER = "$(TEST_HOST)";
				CODE_SIGN_STYLE = Automatic;
				CURRENT_PROJECT_VERSION = 1;
				GENERATE_INFOPLIST_FILE = YES;
				IPHONEOS_DEPLOYMENT_TARGET = 18.2;
				MARKETING_VERSION = 1.0;
				PRODUCT_BUNDLE_IDENTIFIER = "None.LeBot-JamesTests";
				PRODUCT_NAME = "$(TARGET_NAME)";
				SWIFT_EMIT_LOC_STRINGS = NO;
				SWIFT_VERSION = 5.0;
				TARGETED_DEVICE_FAMILY = "1,2";
				TEST_HOST = "$(BUILT_PRODUCTS_DIR)/LeBot James.app/$(BUNDLE_EXECUTABLE_FOLDER_PATH)/LeBot James";
			};
			name = Debug;
		};
		00E82D3D2E1A5FD90013C69F /* Release */ = {
			isa = XCBuildConfiguration;
			buildSettings = {
				BUNDLE_LOADER = "$(TEST_HOST)";
				CODE_SIGN_STYLE = Automatic;
				CURRENT_PROJECT_VERSION = 1;
				GENERATE_INFOPLIST_FILE = YES;
				IPHONEOS_DEPLOYMENT_TARGET = 18.2;
				MARKETING_VERSION = 1.0;
				PRODUCT_BUNDLE_IDENTIFIER = "None.LeBot-JamesTests";
				PRODUCT_NAME = "$(TARGET_NAME)";
				SWIFT_EMIT_LOC_STRINGS = NO;
				SWIFT_VERSION = 5.0;
				TARGETED_DEVICE_FAMILY = "1,2";
				TEST_HOST = "$(BUILT_PRODUCTS_DIR)/LeBot James.app/$(BUNDLE_EXECUTABLE_FOLDER_PATH)/LeBot James";
			};
			name = Release;
		};
		00E82D3F2E1A5FD90013C69F /* Debug */ = {
			isa = XCBuildConfiguration;
			buildSettings = {
				CODE_SIGN_STYLE = Automatic;
				CURRENT_PROJECT_VERSION = 1;
				GENERATE_INFOPLIST_FILE = YES;
				MARKETING_VERSION = 1.0;
				PRODUCT_BUNDLE_IDENTIFIER = "None.LeBot-JamesUITests";
				PRODUCT_NAME = "$(TARGET_NAME)";
				SWIFT_EMIT_LOC_STRINGS = NO;
				SWIFT_VERSION = 5.0;
				TARGETED_DEVICE_FAMILY = "1,2";
				TEST_TARGET_NAME = "LeBot James";
			};
			name = Debug;
		};
		00E82D402E1A5FD90013C69F /* Release */ = {
			isa = XCBuildConfiguration;
			buildSettings = {
				CODE_SIGN_STYLE = Automatic;
				CURRENT_PROJECT_VERSION = 1;
				GENERATE_INFOPLIST_FILE = YES;
				MARKETING_VERSION = 1.0;
				PRODUCT_BUNDLE_IDENTIFIER = "None.LeBot-JamesUITests";
				PRODUCT_NAME = "$(TARGET_NAME)";
				SWIFT_EMIT_LOC_STRINGS = NO;
				SWIFT_VERSION = 5.0;
				TARGETED_DEVICE_FAMILY = "1,2";
				TEST_TARGET_NAME = "LeBot James";
			};
			name = Release;
		};
/* End XCBuildConfiguration section */

/* Begin XCConfigurationList section */
		00E82D0F2E1A5FD80013C69F /* Build configuration list for PBXProject "LeBot James" */ = {
			isa = XCConfigurationList;
			buildConfigurations = (
				00E82D362E1A5FD90013C69F /* Debug */,
				00E82D372E1A5FD90013C69F /* Release */,
			);
			defaultConfigurationIsVisible = 0;
			defaultConfigurationName = Release;
		};
		00E82D382E1A5FD90013C69F /* Build configuration list for PBXNativeTarget "LeBot James" */ = {
			isa = XCConfigurationList;
			buildConfigurations = (
				00E82D392E1A5FD90013C69F /* Debug */,
				00E82D3A2E1A5FD90013C69F /* Release */,
			);
			defaultConfigurationIsVisible = 0;
			defaultConfigurationName = Release;
		};
		00E82D3B2E1A5FD90013C69F /* Build configuration list for PBXNativeTarget "LeBot JamesTests" */ = {
			isa = XCConfigurationList;
			buildConfigurations = (
				00E82D3C2E1A5FD90013C69F /* Debug */,
				00E82D3D2E1A5FD90013C69F /* Release */,
			);
			defaultConfigurationIsVisible = 0;
			defaultConfigurationName = Release;
		};
		00E82D3E2E1A5FD90013C69F /* Build configuration list for PBXNativeTarget "LeBot JamesUITests" */ = {
			isa = XCConfigurationList;
			buildConfigurations = (
				00E82D3F2E1A5FD90013C69F /* Debug */,
				00E82D402E1A5FD90013C69F /* Release */,
			);
			defaultConfigurationIsVisible = 0;
			defaultConfigurationName = Release;
		};
/* End XCConfigurationList section */
	};
	rootObject = 00E82D0C2E1A5FD80013C69F /* Project object */;
}
